
Microsoft Visual Studio Solution File, Format Version 12.00
# Visual Studio Version 17
VisualStudioVersion = 17.5.33627.172
MinimumVisualStudioVersion = 10.0.40219.1
Project("{FAE04EC0-301F-11D3-BF4B-00C04F79EFBC}") = "GE C", "GE C\GE C.csproj", "{F75AC857-8CA3-4B56-AE50-A3E9DC14B990}"
EndProject
Global
	GlobalSection(SolutionConfigurationPlatforms) = preSolution
		Debug|Any CPU = Debug|Any CPU
		Release|Any CPU = Release|Any CPU
	EndGlobalSection
	GlobalSection(ProjectConfigurationPlatforms) = postSolution
		{F75AC857-8CA3-4B56-AE50-A3E9DC14B990}.Debug|Any CPU.ActiveCfg = Debug|Any CPU
		{F75AC857-8CA3-4B56-AE50-A3E9DC14B990}.Debug|Any CPU.Build.0 = Debug|Any CPU
		{F75AC857-8CA3-4B56-AE50-A3E9DC14B990}.Release|Any CPU.ActiveCfg = Release|Any CPU
		{F75AC857-8CA3-4B56-AE50-A3E9DC14B990}.Release|Any CPU.Build.0 = Release|Any CPU
	EndGlobalSection
	GlobalSection(SolutionProperties) = preSolution
		HideSolutionNode = FALSE
	EndGlobalSection
	GlobalSection(ExtensibilityGlobals) = postSolution
		SolutionGuid = {E9A15298-9483-4983-9301-C4DCFCB4D4A8}
	EndGlobalSection
EndGlobal
